// !$*UTF8*$!
{
	archiveVersion = 1;
	classes = {
	};
	objectVersion = 48;
	objects = {

/* Begin PBXBuildFile section */
		AA12F4671F85C02900F1D7E6 /* DayCell.swift in Sources */ = {isa = PBXBuildFile; fileRef = AA12F4661F85C02900F1D7E6 /* DayCell.swift */; };
		AA12F46B1F85C30B00F1D7E6 /* DayCellTests.swift in Sources */ = {isa = PBXBuildFile; fileRef = AA12F46A1F85C30B00F1D7E6 /* DayCellTests.swift */; };
		AA12F46F1F85D5BE00F1D7E6 /* SymbolCell.swift in Sources */ = {isa = PBXBuildFile; fileRef = AA12F46E1F85D5BE00F1D7E6 /* SymbolCell.swift */; };
		AA12F4711F85D65600F1D7E6 /* Cell.swift in Sources */ = {isa = PBXBuildFile; fileRef = AA12F4701F85D65600F1D7E6 /* Cell.swift */; };
		AA1E56881F83499900B4944C /* SaveDate.framework in Frameworks */ = {isa = PBXBuildFile; fileRef = AA1E567E1F83499900B4944C /* SaveDate.framework */; };
		AA1E568F1F83499900B4944C /* SaveDate.h in Headers */ = {isa = PBXBuildFile; fileRef = AA1E56811F83499900B4944C /* SaveDate.h */; settings = {ATTRIBUTES = (Public, ); }; };
		AA4F68071F8DEB15001C86C8 /* SymbolCellTests.swift in Sources */ = {isa = PBXBuildFile; fileRef = AA4F68061F8DEB15001C86C8 /* SymbolCellTests.swift */; };
		AA550F6B1F99D3E300BC9A68 /* AppDelegate.swift in Sources */ = {isa = PBXBuildFile; fileRef = AA550F6A1F99D3E300BC9A68 /* AppDelegate.swift */; };
		AA550F701F99D3E300BC9A68 /* Main.storyboard in Resources */ = {isa = PBXBuildFile; fileRef = AA550F6E1F99D3E300BC9A68 /* Main.storyboard */; };
		AA550F721F99D3E300BC9A68 /* Assets.xcassets in Resources */ = {isa = PBXBuildFile; fileRef = AA550F711F99D3E300BC9A68 /* Assets.xcassets */; };
		AA550F751F99D3E300BC9A68 /* LaunchScreen.storyboard in Resources */ = {isa = PBXBuildFile; fileRef = AA550F731F99D3E300BC9A68 /* LaunchScreen.storyboard */; };
		AA550F7B1F99D40D00BC9A68 /* SaveDate.framework in Frameworks */ = {isa = PBXBuildFile; fileRef = AA1E567E1F83499900B4944C /* SaveDate.framework */; };
		AA586B192016CA5600BF0F88 /* SaveDate.storyboard in Resources */ = {isa = PBXBuildFile; fileRef = AA586B182016CA5600BF0F88 /* SaveDate.storyboard */; };
		AA6653001F8F3EC300F89F8E /* DateExtensions.swift in Sources */ = {isa = PBXBuildFile; fileRef = AA6652FF1F8F3EC300F89F8E /* DateExtensions.swift */; };
		AA6653031F8F3FF500F89F8E /* DateExtensionsTests.swift in Sources */ = {isa = PBXBuildFile; fileRef = AA6653021F8F3FF500F89F8E /* DateExtensionsTests.swift */; };
		AA8D9B0020115A00007E9DE7 /* CalendarController.swift in Sources */ = {isa = PBXBuildFile; fileRef = AA8D9AFF20115A00007E9DE7 /* CalendarController.swift */; };
		AA8D9B0320115B6B007E9DE7 /* CalendarControllerTests.swift in Sources */ = {isa = PBXBuildFile; fileRef = AA8D9B0220115B6B007E9DE7 /* CalendarControllerTests.swift */; };
		AA8D9B0720115D86007E9DE7 /* UIKit.framework in Frameworks */ = {isa = PBXBuildFile; fileRef = AA8D9B0420115BC0007E9DE7 /* UIKit.framework */; };
		AA8D9B0F20117A15007E9DE7 /* CalendarViewCell.swift in Sources */ = {isa = PBXBuildFile; fileRef = AA8D9B0D20117A15007E9DE7 /* CalendarViewCell.swift */; };
		AA8D9B1020117A15007E9DE7 /* Symbol.xib in Resources */ = {isa = PBXBuildFile; fileRef = AA8D9B0E20117A15007E9DE7 /* Symbol.xib */; };
		AA8D9B1220117BCC007E9DE7 /* ViewController.swift in Sources */ = {isa = PBXBuildFile; fileRef = AA8D9B1120117BCC007E9DE7 /* ViewController.swift */; };
		AA9D8CCD1F8DECCF00E69E7C /* CellType.swift in Sources */ = {isa = PBXBuildFile; fileRef = AA9D8CCC1F8DECCF00E69E7C /* CellType.swift */; };
		AA9EDD7C2018309D00E36EEF /* Dimmed.xib in Resources */ = {isa = PBXBuildFile; fileRef = AA586B142016C7CF00BF0F88 /* Dimmed.xib */; };
		AA9EDD7E201830A500E36EEF /* Weekday.xib in Resources */ = {isa = PBXBuildFile; fileRef = AA586B162016C7E700BF0F88 /* Weekday.xib */; };
		AA9EDD7F201830A800E36EEF /* Weekend.xib in Resources */ = {isa = PBXBuildFile; fileRef = AA586B172016C7F100BF0F88 /* Weekend.xib */; };
		AAD634C7201BF277008AEBE5 /* CalendarFlowLayout.swift in Sources */ = {isa = PBXBuildFile; fileRef = AAD634C6201BF277008AEBE5 /* CalendarFlowLayout.swift */; };
		AADA78BA202152D2003648C0 /* CalendarDelegate.swift in Sources */ = {isa = PBXBuildFile; fileRef = AADA78B9202152D2003648C0 /* CalendarDelegate.swift */; };
		AAE3C4361F875F6900F0F721 /* Calendar.swift in Sources */ = {isa = PBXBuildFile; fileRef = AAE3C4351F875F6900F0F721 /* Calendar.swift */; };
		AAE3C4381F8775DA00F0F721 /* CalendarTests.swift in Sources */ = {isa = PBXBuildFile; fileRef = AAE3C4371F8775DA00F0F721 /* CalendarTests.swift */; };
		AAE4121F201D0413008FE5E6 /* CalendarHeaderView.swift in Sources */ = {isa = PBXBuildFile; fileRef = AAE4121D201D0413008FE5E6 /* CalendarHeaderView.swift */; };
		AAE41220201D0413008FE5E6 /* CalendarHeaderView.xib in Resources */ = {isa = PBXBuildFile; fileRef = AAE4121E201D0413008FE5E6 /* CalendarHeaderView.xib */; };
		AAE41223201D0AFA008FE5E6 /* CalendarFooterView.swift in Sources */ = {isa = PBXBuildFile; fileRef = AAE41221201D0AFA008FE5E6 /* CalendarFooterView.swift */; };
		AAE41224201D0AFA008FE5E6 /* CalendarFooterView.xib in Resources */ = {isa = PBXBuildFile; fileRef = AAE41222201D0AFA008FE5E6 /* CalendarFooterView.xib */; };
		AAE41226201D1AA7008FE5E6 /* Selected.xib in Resources */ = {isa = PBXBuildFile; fileRef = AAE41225201D1AA7008FE5E6 /* Selected.xib */; };
		AAE41228201D1AB2008FE5E6 /* Today.xib in Resources */ = {isa = PBXBuildFile; fileRef = AAE41227201D1AB2008FE5E6 /* Today.xib */; };
/* End PBXBuildFile section */

/* Begin PBXContainerItemProxy section */
		AA1E56891F83499900B4944C /* PBXContainerItemProxy */ = {
			isa = PBXContainerItemProxy;
			containerPortal = AA1E56751F83499900B4944C /* Project object */;
			proxyType = 1;
			remoteGlobalIDString = AA1E567D1F83499900B4944C;
			remoteInfo = SaveDate;
		};
/* End PBXContainerItemProxy section */

/* Begin PBXFileReference section */
		AA12F4661F85C02900F1D7E6 /* DayCell.swift */ = {isa = PBXFileReference; lastKnownFileType = sourcecode.swift; path = DayCell.swift; sourceTree = "<group>"; };
		AA12F46A1F85C30B00F1D7E6 /* DayCellTests.swift */ = {isa = PBXFileReference; lastKnownFileType = sourcecode.swift; path = DayCellTests.swift; sourceTree = "<group>"; };
		AA12F46E1F85D5BE00F1D7E6 /* SymbolCell.swift */ = {isa = PBXFileReference; lastKnownFileType = sourcecode.swift; path = SymbolCell.swift; sourceTree = "<group>"; };
		AA12F4701F85D65600F1D7E6 /* Cell.swift */ = {isa = PBXFileReference; lastKnownFileType = sourcecode.swift; path = Cell.swift; sourceTree = "<group>"; };
		AA1E567E1F83499900B4944C /* SaveDate.framework */ = {isa = PBXFileReference; explicitFileType = wrapper.framework; includeInIndex = 0; path = SaveDate.framework; sourceTree = BUILT_PRODUCTS_DIR; };
		AA1E56811F83499900B4944C /* SaveDate.h */ = {isa = PBXFileReference; lastKnownFileType = sourcecode.c.h; path = SaveDate.h; sourceTree = "<group>"; };
		AA1E56821F83499900B4944C /* Info.plist */ = {isa = PBXFileReference; lastKnownFileType = text.plist.xml; path = Info.plist; sourceTree = "<group>"; };
		AA1E56871F83499900B4944C /* SaveDateTests.xctest */ = {isa = PBXFileReference; explicitFileType = wrapper.cfbundle; includeInIndex = 0; path = SaveDateTests.xctest; sourceTree = BUILT_PRODUCTS_DIR; };
		AA1E568E1F83499900B4944C /* Info.plist */ = {isa = PBXFileReference; lastKnownFileType = text.plist.xml; path = Info.plist; sourceTree = "<group>"; };
		AA4F68061F8DEB15001C86C8 /* SymbolCellTests.swift */ = {isa = PBXFileReference; lastKnownFileType = sourcecode.swift; path = SymbolCellTests.swift; sourceTree = "<group>"; };
		AA550F681F99D3E200BC9A68 /* Example.app */ = {isa = PBXFileReference; explicitFileType = wrapper.application; includeInIndex = 0; path = Example.app; sourceTree = BUILT_PRODUCTS_DIR; };
		AA550F6A1F99D3E300BC9A68 /* AppDelegate.swift */ = {isa = PBXFileReference; lastKnownFileType = sourcecode.swift; path = AppDelegate.swift; sourceTree = "<group>"; };
		AA550F6F1F99D3E300BC9A68 /* Base */ = {isa = PBXFileReference; lastKnownFileType = file.storyboard; name = Base; path = Base.lproj/Main.storyboard; sourceTree = "<group>"; };
		AA550F711F99D3E300BC9A68 /* Assets.xcassets */ = {isa = PBXFileReference; lastKnownFileType = folder.assetcatalog; path = Assets.xcassets; sourceTree = "<group>"; };
		AA550F741F99D3E300BC9A68 /* Base */ = {isa = PBXFileReference; lastKnownFileType = file.storyboard; name = Base; path = Base.lproj/LaunchScreen.storyboard; sourceTree = "<group>"; };
		AA550F761F99D3E300BC9A68 /* Info.plist */ = {isa = PBXFileReference; lastKnownFileType = text.plist.xml; path = Info.plist; sourceTree = "<group>"; };
		AA586B142016C7CF00BF0F88 /* Dimmed.xib */ = {isa = PBXFileReference; lastKnownFileType = file.xib; path = Dimmed.xib; sourceTree = "<group>"; };
		AA586B162016C7E700BF0F88 /* Weekday.xib */ = {isa = PBXFileReference; lastKnownFileType = file.xib; path = Weekday.xib; sourceTree = "<group>"; };
		AA586B172016C7F100BF0F88 /* Weekend.xib */ = {isa = PBXFileReference; lastKnownFileType = file.xib; path = Weekend.xib; sourceTree = "<group>"; };
		AA586B182016CA5600BF0F88 /* SaveDate.storyboard */ = {isa = PBXFileReference; lastKnownFileType = file.storyboard; path = SaveDate.storyboard; sourceTree = "<group>"; };
		AA6652FF1F8F3EC300F89F8E /* DateExtensions.swift */ = {isa = PBXFileReference; lastKnownFileType = sourcecode.swift; path = DateExtensions.swift; sourceTree = "<group>"; };
		AA6653021F8F3FF500F89F8E /* DateExtensionsTests.swift */ = {isa = PBXFileReference; lastKnownFileType = sourcecode.swift; path = DateExtensionsTests.swift; sourceTree = "<group>"; };
		AA8D9AFF20115A00007E9DE7 /* CalendarController.swift */ = {isa = PBXFileReference; lastKnownFileType = sourcecode.swift; path = CalendarController.swift; sourceTree = "<group>"; };
		AA8D9B0220115B6B007E9DE7 /* CalendarControllerTests.swift */ = {isa = PBXFileReference; lastKnownFileType = sourcecode.swift; path = CalendarControllerTests.swift; sourceTree = "<group>"; };
		AA8D9B0420115BC0007E9DE7 /* UIKit.framework */ = {isa = PBXFileReference; lastKnownFileType = wrapper.framework; name = UIKit.framework; path = System/Library/Frameworks/UIKit.framework; sourceTree = SDKROOT; };
		AA8D9B0D20117A15007E9DE7 /* CalendarViewCell.swift */ = {isa = PBXFileReference; lastKnownFileType = sourcecode.swift; path = CalendarViewCell.swift; sourceTree = "<group>"; };
		AA8D9B0E20117A15007E9DE7 /* Symbol.xib */ = {isa = PBXFileReference; lastKnownFileType = file.xib; path = Symbol.xib; sourceTree = "<group>"; };
		AA8D9B1120117BCC007E9DE7 /* ViewController.swift */ = {isa = PBXFileReference; lastKnownFileType = sourcecode.swift; path = ViewController.swift; sourceTree = "<group>"; };
		AA9D8CCC1F8DECCF00E69E7C /* CellType.swift */ = {isa = PBXFileReference; lastKnownFileType = sourcecode.swift; path = CellType.swift; sourceTree = "<group>"; };
		AAD634C6201BF277008AEBE5 /* CalendarFlowLayout.swift */ = {isa = PBXFileReference; lastKnownFileType = sourcecode.swift; path = CalendarFlowLayout.swift; sourceTree = "<group>"; };
		AADA78B9202152D2003648C0 /* CalendarDelegate.swift */ = {isa = PBXFileReference; lastKnownFileType = sourcecode.swift; path = CalendarDelegate.swift; sourceTree = "<group>"; };
		AAE3C4351F875F6900F0F721 /* Calendar.swift */ = {isa = PBXFileReference; lastKnownFileType = sourcecode.swift; path = Calendar.swift; sourceTree = "<group>"; };
		AAE3C4371F8775DA00F0F721 /* CalendarTests.swift */ = {isa = PBXFileReference; lastKnownFileType = sourcecode.swift; path = CalendarTests.swift; sourceTree = "<group>"; };
		AAE4121D201D0413008FE5E6 /* CalendarHeaderView.swift */ = {isa = PBXFileReference; lastKnownFileType = sourcecode.swift; path = CalendarHeaderView.swift; sourceTree = "<group>"; };
		AAE4121E201D0413008FE5E6 /* CalendarHeaderView.xib */ = {isa = PBXFileReference; lastKnownFileType = file.xib; path = CalendarHeaderView.xib; sourceTree = "<group>"; };
		AAE41221201D0AFA008FE5E6 /* CalendarFooterView.swift */ = {isa = PBXFileReference; lastKnownFileType = sourcecode.swift; path = CalendarFooterView.swift; sourceTree = "<group>"; };
		AAE41222201D0AFA008FE5E6 /* CalendarFooterView.xib */ = {isa = PBXFileReference; lastKnownFileType = file.xib; path = CalendarFooterView.xib; sourceTree = "<group>"; };
		AAE41225201D1AA7008FE5E6 /* Selected.xib */ = {isa = PBXFileReference; lastKnownFileType = file.xib; path = Selected.xib; sourceTree = "<group>"; };
		AAE41227201D1AB2008FE5E6 /* Today.xib */ = {isa = PBXFileReference; lastKnownFileType = file.xib; path = Today.xib; sourceTree = "<group>"; };
/* End PBXFileReference section */

/* Begin PBXFrameworksBuildPhase section */
		AA1E567A1F83499900B4944C /* Frameworks */ = {
			isa = PBXFrameworksBuildPhase;
			buildActionMask = 2147483647;
			files = (
				AA8D9B0720115D86007E9DE7 /* UIKit.framework in Frameworks */,
			);
			runOnlyForDeploymentPostprocessing = 0;
		};
		AA1E56841F83499900B4944C /* Frameworks */ = {
			isa = PBXFrameworksBuildPhase;
			buildActionMask = 2147483647;
			files = (
				AA1E56881F83499900B4944C /* SaveDate.framework in Frameworks */,
			);
			runOnlyForDeploymentPostprocessing = 0;
		};
		AA550F651F99D3E200BC9A68 /* Frameworks */ = {
			isa = PBXFrameworksBuildPhase;
			buildActionMask = 2147483647;
			files = (
				AA550F7B1F99D40D00BC9A68 /* SaveDate.framework in Frameworks */,
			);
			runOnlyForDeploymentPostprocessing = 0;
		};
/* End PBXFrameworksBuildPhase section */

/* Begin PBXGroup section */
		AA12F4681F85C2D200F1D7E6 /* Model */ = {
			isa = PBXGroup;
			children = (
				AAE3C4351F875F6900F0F721 /* Calendar.swift */,
				AA12F4701F85D65600F1D7E6 /* Cell.swift */,
				AA9D8CCC1F8DECCF00E69E7C /* CellType.swift */,
				AA12F4661F85C02900F1D7E6 /* DayCell.swift */,
				AA12F46E1F85D5BE00F1D7E6 /* SymbolCell.swift */,
			);
			path = Model;
			sourceTree = "<group>";
		};
		AA12F4691F85C2E300F1D7E6 /* Model */ = {
			isa = PBXGroup;
			children = (
				AAE3C4371F8775DA00F0F721 /* CalendarTests.swift */,
				AA12F46A1F85C30B00F1D7E6 /* DayCellTests.swift */,
				AA4F68061F8DEB15001C86C8 /* SymbolCellTests.swift */,
			);
			path = Model;
			sourceTree = "<group>";
		};
		AA1E56741F83499900B4944C = {
			isa = PBXGroup;
			children = (
				AA550F691F99D3E300BC9A68 /* Example */,
				AA1E56801F83499900B4944C /* SaveDate */,
				AA1E568B1F83499900B4944C /* SaveDateTests */,
				AA1E567F1F83499900B4944C /* Products */,
				AA550F7A1F99D40D00BC9A68 /* Frameworks */,
			);
			sourceTree = "<group>";
		};
		AA1E567F1F83499900B4944C /* Products */ = {
			isa = PBXGroup;
			children = (
				AA1E567E1F83499900B4944C /* SaveDate.framework */,
				AA1E56871F83499900B4944C /* SaveDateTests.xctest */,
				AA550F681F99D3E200BC9A68 /* Example.app */,
			);
			name = Products;
			sourceTree = "<group>";
		};
		AA1E56801F83499900B4944C /* SaveDate */ = {
			isa = PBXGroup;
			children = (
				AAE6856E1F9B2EA800C6BE87 /* Controller */,
				AA6652FE1F8F3EB200F89F8E /* Extensions */,
				AA12F4681F85C2D200F1D7E6 /* Model */,
				AA586B132016C6C900BF0F88 /* Support Files */,
				AA8D9B0820117995007E9DE7 /* View */,
				AA1E56811F83499900B4944C /* SaveDate.h */,
			);
			path = SaveDate;
			sourceTree = "<group>";
		};
		AA1E568B1F83499900B4944C /* SaveDateTests */ = {
			isa = PBXGroup;
			children = (
				AA8D9B0120115B58007E9DE7 /* Controller */,
				AA6653011F8F3FE300F89F8E /* Extensions */,
				AA12F4691F85C2E300F1D7E6 /* Model */,
				AA1E568E1F83499900B4944C /* Info.plist */,
			);
			path = SaveDateTests;
			sourceTree = "<group>";
		};
		AA550F691F99D3E300BC9A68 /* Example */ = {
			isa = PBXGroup;
			children = (
				AA550F6A1F99D3E300BC9A68 /* AppDelegate.swift */,
				AA550F711F99D3E300BC9A68 /* Assets.xcassets */,
				AA550F761F99D3E300BC9A68 /* Info.plist */,
				AA550F731F99D3E300BC9A68 /* LaunchScreen.storyboard */,
				AA550F6E1F99D3E300BC9A68 /* Main.storyboard */,
				AA8D9B1120117BCC007E9DE7 /* ViewController.swift */,
			);
			path = Example;
			sourceTree = "<group>";
		};
		AA550F7A1F99D40D00BC9A68 /* Frameworks */ = {
			isa = PBXGroup;
			children = (
				AA8D9B0420115BC0007E9DE7 /* UIKit.framework */,
			);
			name = Frameworks;
			sourceTree = "<group>";
		};
		AA586B132016C6C900BF0F88 /* Support Files */ = {
			isa = PBXGroup;
			children = (
				AAE41222201D0AFA008FE5E6 /* CalendarFooterView.xib */,
				AAE4121E201D0413008FE5E6 /* CalendarHeaderView.xib */,
				AA586B142016C7CF00BF0F88 /* Dimmed.xib */,
				AA1E56821F83499900B4944C /* Info.plist */,
				AA586B182016CA5600BF0F88 /* SaveDate.storyboard */,
				AAE41225201D1AA7008FE5E6 /* Selected.xib */,
				AA8D9B0E20117A15007E9DE7 /* Symbol.xib */,
				AAE41227201D1AB2008FE5E6 /* Today.xib */,
				AA586B162016C7E700BF0F88 /* Weekday.xib */,
				AA586B172016C7F100BF0F88 /* Weekend.xib */,
			);
			path = "Support Files";
			sourceTree = "<group>";
		};
		AA6652FE1F8F3EB200F89F8E /* Extensions */ = {
			isa = PBXGroup;
			children = (
				AA6652FF1F8F3EC300F89F8E /* DateExtensions.swift */,
			);
			path = Extensions;
			sourceTree = "<group>";
		};
		AA6653011F8F3FE300F89F8E /* Extensions */ = {
			isa = PBXGroup;
			children = (
				AA6653021F8F3FF500F89F8E /* DateExtensionsTests.swift */,
			);
			path = Extensions;
			sourceTree = "<group>";
		};
		AA8D9B0120115B58007E9DE7 /* Controller */ = {
			isa = PBXGroup;
			children = (
				AA8D9B0220115B6B007E9DE7 /* CalendarControllerTests.swift */,
			);
			path = Controller;
			sourceTree = "<group>";
		};
		AA8D9B0820117995007E9DE7 /* View */ = {
			isa = PBXGroup;
			children = (
				AAE41221201D0AFA008FE5E6 /* CalendarFooterView.swift */,
				AAE4121D201D0413008FE5E6 /* CalendarHeaderView.swift */,
				AA8D9B0D20117A15007E9DE7 /* CalendarViewCell.swift */,
			);
			path = View;
			sourceTree = "<group>";
		};
		AAE6856E1F9B2EA800C6BE87 /* Controller */ = {
			isa = PBXGroup;
			children = (
				AA8D9AFF20115A00007E9DE7 /* CalendarController.swift */,
				AADA78B9202152D2003648C0 /* CalendarDelegate.swift */,
				AAD634C6201BF277008AEBE5 /* CalendarFlowLayout.swift */,
			);
			path = Controller;
			sourceTree = "<group>";
		};
/* End PBXGroup section */

/* Begin PBXHeadersBuildPhase section */
		AA1E567B1F83499900B4944C /* Headers */ = {
			isa = PBXHeadersBuildPhase;
			buildActionMask = 2147483647;
			files = (
				AA1E568F1F83499900B4944C /* SaveDate.h in Headers */,
			);
			runOnlyForDeploymentPostprocessing = 0;
		};
/* End PBXHeadersBuildPhase section */

/* Begin PBXNativeTarget section */
		AA1E567D1F83499900B4944C /* SaveDate */ = {
			isa = PBXNativeTarget;
			buildConfigurationList = AA1E56921F83499900B4944C /* Build configuration list for PBXNativeTarget "SaveDate" */;
			buildPhases = (
				AA1E56791F83499900B4944C /* Sources */,
				AA1E567A1F83499900B4944C /* Frameworks */,
				AA1E567B1F83499900B4944C /* Headers */,
				AA1E567C1F83499900B4944C /* Resources */,
			);
			buildRules = (
			);
			dependencies = (
			);
			name = SaveDate;
			productName = SaveDate;
			productReference = AA1E567E1F83499900B4944C /* SaveDate.framework */;
			productType = "com.apple.product-type.framework";
		};
		AA1E56861F83499900B4944C /* SaveDateTests */ = {
			isa = PBXNativeTarget;
			buildConfigurationList = AA1E56951F83499900B4944C /* Build configuration list for PBXNativeTarget "SaveDateTests" */;
			buildPhases = (
				AA1E56831F83499900B4944C /* Sources */,
				AA1E56841F83499900B4944C /* Frameworks */,
				AA1E56851F83499900B4944C /* Resources */,
			);
			buildRules = (
			);
			dependencies = (
				AA1E568A1F83499900B4944C /* PBXTargetDependency */,
			);
			name = SaveDateTests;
			productName = SaveDateTests;
			productReference = AA1E56871F83499900B4944C /* SaveDateTests.xctest */;
			productType = "com.apple.product-type.bundle.unit-test";
		};
		AA550F671F99D3E200BC9A68 /* Example */ = {
			isa = PBXNativeTarget;
			buildConfigurationList = AA550F791F99D3E300BC9A68 /* Build configuration list for PBXNativeTarget "Example" */;
			buildPhases = (
				AA550F641F99D3E200BC9A68 /* Sources */,
				AA550F651F99D3E200BC9A68 /* Frameworks */,
				AA550F661F99D3E200BC9A68 /* Resources */,
			);
			buildRules = (
			);
			dependencies = (
			);
			name = Example;
			productName = Example;
			productReference = AA550F681F99D3E200BC9A68 /* Example.app */;
			productType = "com.apple.product-type.application";
		};
/* End PBXNativeTarget section */

/* Begin PBXProject section */
		AA1E56751F83499900B4944C /* Project object */ = {
			isa = PBXProject;
			attributes = {
				LastSwiftUpdateCheck = 0900;
				LastUpgradeCheck = 0900;
				ORGANIZATIONNAME = "Twelfth Station Software";
				TargetAttributes = {
					AA1E567D1F83499900B4944C = {
						CreatedOnToolsVersion = 9.0;
						LastSwiftMigration = 0900;
						ProvisioningStyle = Automatic;
					};
					AA1E56861F83499900B4944C = {
						CreatedOnToolsVersion = 9.0;
						ProvisioningStyle = Automatic;
					};
					AA550F671F99D3E200BC9A68 = {
						CreatedOnToolsVersion = 9.0.1;
						ProvisioningStyle = Automatic;
					};
				};
			};
			buildConfigurationList = AA1E56781F83499900B4944C /* Build configuration list for PBXProject "SaveDate" */;
			compatibilityVersion = "Xcode 8.0";
			developmentRegion = en;
			hasScannedForEncodings = 0;
			knownRegions = (
				en,
				Base,
			);
			mainGroup = AA1E56741F83499900B4944C;
			productRefGroup = AA1E567F1F83499900B4944C /* Products */;
			projectDirPath = "";
			projectRoot = "";
			targets = (
				AA1E567D1F83499900B4944C /* SaveDate */,
				AA1E56861F83499900B4944C /* SaveDateTests */,
				AA550F671F99D3E200BC9A68 /* Example */,
			);
		};
/* End PBXProject section */

/* Begin PBXResourcesBuildPhase section */
		AA1E567C1F83499900B4944C /* Resources */ = {
			isa = PBXResourcesBuildPhase;
			buildActionMask = 2147483647;
			files = (
				AA8D9B1020117A15007E9DE7 /* Symbol.xib in Resources */,
				AAE41220201D0413008FE5E6 /* CalendarHeaderView.xib in Resources */,
				AA9EDD7F201830A800E36EEF /* Weekend.xib in Resources */,
				AA586B192016CA5600BF0F88 /* SaveDate.storyboard in Resources */,
				AA9EDD7E201830A500E36EEF /* Weekday.xib in Resources */,
				AAE41224201D0AFA008FE5E6 /* CalendarFooterView.xib in Resources */,
				AAE41228201D1AB2008FE5E6 /* Today.xib in Resources */,
				AAE41226201D1AA7008FE5E6 /* Selected.xib in Resources */,
				AA9EDD7C2018309D00E36EEF /* Dimmed.xib in Resources */,
			);
			runOnlyForDeploymentPostprocessing = 0;
		};
		AA1E56851F83499900B4944C /* Resources */ = {
			isa = PBXResourcesBuildPhase;
			buildActionMask = 2147483647;
			files = (
			);
			runOnlyForDeploymentPostprocessing = 0;
		};
		AA550F661F99D3E200BC9A68 /* Resources */ = {
			isa = PBXResourcesBuildPhase;
			buildActionMask = 2147483647;
			files = (
				AA550F751F99D3E300BC9A68 /* LaunchScreen.storyboard in Resources */,
				AA550F721F99D3E300BC9A68 /* Assets.xcassets in Resources */,
				AA550F701F99D3E300BC9A68 /* Main.storyboard in Resources */,
			);
			runOnlyForDeploymentPostprocessing = 0;
		};
/* End PBXResourcesBuildPhase section */

/* Begin PBXSourcesBuildPhase section */
		AA1E56791F83499900B4944C /* Sources */ = {
			isa = PBXSourcesBuildPhase;
			buildActionMask = 2147483647;
			files = (
				AAE41223201D0AFA008FE5E6 /* CalendarFooterView.swift in Sources */,
				AA6653001F8F3EC300F89F8E /* DateExtensions.swift in Sources */,
				AADA78BA202152D2003648C0 /* CalendarDelegate.swift in Sources */,
				AAE4121F201D0413008FE5E6 /* CalendarHeaderView.swift in Sources */,
				AA9D8CCD1F8DECCF00E69E7C /* CellType.swift in Sources */,
				AA8D9B0020115A00007E9DE7 /* CalendarController.swift in Sources */,
				AAD634C7201BF277008AEBE5 /* CalendarFlowLayout.swift in Sources */,
				AA12F4671F85C02900F1D7E6 /* DayCell.swift in Sources */,
				AA12F4711F85D65600F1D7E6 /* Cell.swift in Sources */,
				AA12F46F1F85D5BE00F1D7E6 /* SymbolCell.swift in Sources */,
				AAE3C4361F875F6900F0F721 /* Calendar.swift in Sources */,
				AA8D9B0F20117A15007E9DE7 /* CalendarViewCell.swift in Sources */,
			);
			runOnlyForDeploymentPostprocessing = 0;
		};
		AA1E56831F83499900B4944C /* Sources */ = {
			isa = PBXSourcesBuildPhase;
			buildActionMask = 2147483647;
			files = (
				AA6653031F8F3FF500F89F8E /* DateExtensionsTests.swift in Sources */,
				AA4F68071F8DEB15001C86C8 /* SymbolCellTests.swift in Sources */,
				AA8D9B0320115B6B007E9DE7 /* CalendarControllerTests.swift in Sources */,
				AA12F46B1F85C30B00F1D7E6 /* DayCellTests.swift in Sources */,
				AAE3C4381F8775DA00F0F721 /* CalendarTests.swift in Sources */,
			);
			runOnlyForDeploymentPostprocessing = 0;
		};
		AA550F641F99D3E200BC9A68 /* Sources */ = {
			isa = PBXSourcesBuildPhase;
			buildActionMask = 2147483647;
			files = (
				AA8D9B1220117BCC007E9DE7 /* ViewController.swift in Sources */,
				AA550F6B1F99D3E300BC9A68 /* AppDelegate.swift in Sources */,
			);
			runOnlyForDeploymentPostprocessing = 0;
		};
/* End PBXSourcesBuildPhase section */

/* Begin PBXTargetDependency section */
		AA1E568A1F83499900B4944C /* PBXTargetDependency */ = {
			isa = PBXTargetDependency;
			target = AA1E567D1F83499900B4944C /* SaveDate */;
			targetProxy = AA1E56891F83499900B4944C /* PBXContainerItemProxy */;
		};
/* End PBXTargetDependency section */

/* Begin PBXVariantGroup section */
		AA550F6E1F99D3E300BC9A68 /* Main.storyboard */ = {
			isa = PBXVariantGroup;
			children = (
				AA550F6F1F99D3E300BC9A68 /* Base */,
			);
			name = Main.storyboard;
			sourceTree = "<group>";
		};
		AA550F731F99D3E300BC9A68 /* LaunchScreen.storyboard */ = {
			isa = PBXVariantGroup;
			children = (
				AA550F741F99D3E300BC9A68 /* Base */,
			);
			name = LaunchScreen.storyboard;
			sourceTree = "<group>";
		};
/* End PBXVariantGroup section */

/* Begin XCBuildConfiguration section */
		AA1E56901F83499900B4944C /* Debug */ = {
			isa = XCBuildConfiguration;
			buildSettings = {
				ALWAYS_SEARCH_USER_PATHS = NO;
				CLANG_ANALYZER_NONNULL = YES;
				CLANG_ANALYZER_NUMBER_OBJECT_CONVERSION = YES_AGGRESSIVE;
				CLANG_CXX_LANGUAGE_STANDARD = "gnu++14";
				CLANG_CXX_LIBRARY = "libc++";
				CLANG_ENABLE_MODULES = YES;
				CLANG_ENABLE_OBJC_ARC = YES;
				CLANG_WARN_BLOCK_CAPTURE_AUTORELEASING = YES;
				CLANG_WARN_BOOL_CONVERSION = YES;
				CLANG_WARN_COMMA = YES;
				CLANG_WARN_CONSTANT_CONVERSION = YES;
				CLANG_WARN_DIRECT_OBJC_ISA_USAGE = YES_ERROR;
				CLANG_WARN_DOCUMENTATION_COMMENTS = YES;
				CLANG_WARN_EMPTY_BODY = YES;
				CLANG_WARN_ENUM_CONVERSION = YES;
				CLANG_WARN_INFINITE_RECURSION = YES;
				CLANG_WARN_INT_CONVERSION = YES;
				CLANG_WARN_NON_LITERAL_NULL_CONVERSION = YES;
				CLANG_WARN_OBJC_LITERAL_CONVERSION = YES;
				CLANG_WARN_OBJC_ROOT_CLASS = YES_ERROR;
				CLANG_WARN_RANGE_LOOP_ANALYSIS = YES;
				CLANG_WARN_STRICT_PROTOTYPES = YES;
				CLANG_WARN_SUSPICIOUS_MOVE = YES;
				CLANG_WARN_UNGUARDED_AVAILABILITY = YES_AGGRESSIVE;
				CLANG_WARN_UNREACHABLE_CODE = YES;
				CLANG_WARN__DUPLICATE_METHOD_MATCH = YES;
				CODE_SIGN_IDENTITY = "iPhone Developer";
				COPY_PHASE_STRIP = NO;
				CURRENT_PROJECT_VERSION = 1;
				DEBUG_INFORMATION_FORMAT = dwarf;
				ENABLE_STRICT_OBJC_MSGSEND = YES;
				ENABLE_TESTABILITY = YES;
				GCC_C_LANGUAGE_STANDARD = gnu11;
				GCC_DYNAMIC_NO_PIC = NO;
				GCC_NO_COMMON_BLOCKS = YES;
				GCC_OPTIMIZATION_LEVEL = 0;
				GCC_PREPROCESSOR_DEFINITIONS = (
					"DEBUG=1",
					"$(inherited)",
				);
				GCC_WARN_64_TO_32_BIT_CONVERSION = YES;
				GCC_WARN_ABOUT_RETURN_TYPE = YES_ERROR;
				GCC_WARN_UNDECLARED_SELECTOR = YES;
				GCC_WARN_UNINITIALIZED_AUTOS = YES_AGGRESSIVE;
				GCC_WARN_UNUSED_FUNCTION = YES;
				GCC_WARN_UNUSED_VARIABLE = YES;
				IPHONEOS_DEPLOYMENT_TARGET = 11.0;
				MTL_ENABLE_DEBUG_INFO = YES;
				ONLY_ACTIVE_ARCH = YES;
				SDKROOT = iphoneos;
				SWIFT_ACTIVE_COMPILATION_CONDITIONS = DEBUG;
				SWIFT_OPTIMIZATION_LEVEL = "-Onone";
				VERSIONING_SYSTEM = "apple-generic";
				VERSION_INFO_PREFIX = "";
			};
			name = Debug;
		};
		AA1E56911F83499900B4944C /* Release */ = {
			isa = XCBuildConfiguration;
			buildSettings = {
				ALWAYS_SEARCH_USER_PATHS = NO;
				CLANG_ANALYZER_NONNULL = YES;
				CLANG_ANALYZER_NUMBER_OBJECT_CONVERSION = YES_AGGRESSIVE;
				CLANG_CXX_LANGUAGE_STANDARD = "gnu++14";
				CLANG_CXX_LIBRARY = "libc++";
				CLANG_ENABLE_MODULES = YES;
				CLANG_ENABLE_OBJC_ARC = YES;
				CLANG_WARN_BLOCK_CAPTURE_AUTORELEASING = YES;
				CLANG_WARN_BOOL_CONVERSION = YES;
				CLANG_WARN_COMMA = YES;
				CLANG_WARN_CONSTANT_CONVERSION = YES;
				CLANG_WARN_DIRECT_OBJC_ISA_USAGE = YES_ERROR;
				CLANG_WARN_DOCUMENTATION_COMMENTS = YES;
				CLANG_WARN_EMPTY_BODY = YES;
				CLANG_WARN_ENUM_CONVERSION = YES;
				CLANG_WARN_INFINITE_RECURSION = YES;
				CLANG_WARN_INT_CONVERSION = YES;
				CLANG_WARN_NON_LITERAL_NULL_CONVERSION = YES;
				CLANG_WARN_OBJC_LITERAL_CONVERSION = YES;
				CLANG_WARN_OBJC_ROOT_CLASS = YES_ERROR;
				CLANG_WARN_RANGE_LOOP_ANALYSIS = YES;
				CLANG_WARN_STRICT_PROTOTYPES = YES;
				CLANG_WARN_SUSPICIOUS_MOVE = YES;
				CLANG_WARN_UNGUARDED_AVAILABILITY = YES_AGGRESSIVE;
				CLANG_WARN_UNREACHABLE_CODE = YES;
				CLANG_WARN__DUPLICATE_METHOD_MATCH = YES;
				CODE_SIGN_IDENTITY = "iPhone Developer";
				COPY_PHASE_STRIP = NO;
				CURRENT_PROJECT_VERSION = 1;
				DEBUG_INFORMATION_FORMAT = "dwarf-with-dsym";
				ENABLE_NS_ASSERTIONS = NO;
				ENABLE_STRICT_OBJC_MSGSEND = YES;
				GCC_C_LANGUAGE_STANDARD = gnu11;
				GCC_NO_COMMON_BLOCKS = YES;
				GCC_WARN_64_TO_32_BIT_CONVERSION = YES;
				GCC_WARN_ABOUT_RETURN_TYPE = YES_ERROR;
				GCC_WARN_UNDECLARED_SELECTOR = YES;
				GCC_WARN_UNINITIALIZED_AUTOS = YES_AGGRESSIVE;
				GCC_WARN_UNUSED_FUNCTION = YES;
				GCC_WARN_UNUSED_VARIABLE = YES;
				IPHONEOS_DEPLOYMENT_TARGET = 11.0;
				MTL_ENABLE_DEBUG_INFO = NO;
				SDKROOT = iphoneos;
				SWIFT_OPTIMIZATION_LEVEL = "-Owholemodule";
				VALIDATE_PRODUCT = YES;
				VERSIONING_SYSTEM = "apple-generic";
				VERSION_INFO_PREFIX = "";
			};
			name = Release;
		};
		AA1E56931F83499900B4944C /* Debug */ = {
			isa = XCBuildConfiguration;
			buildSettings = {
				CLANG_ENABLE_MODULES = YES;
				CODE_SIGN_IDENTITY = "";
				CODE_SIGN_STYLE = Automatic;
				DEFINES_MODULE = YES;
				DYLIB_COMPATIBILITY_VERSION = 1;
				DYLIB_CURRENT_VERSION = 1;
				DYLIB_INSTALL_NAME_BASE = "@rpath";
				INFOPLIST_FILE = "SaveDate/Support Files/Info.plist";
				INSTALL_PATH = "$(LOCAL_LIBRARY_DIR)/Frameworks";
				LD_RUNPATH_SEARCH_PATHS = "$(inherited) @executable_path/Frameworks @loader_path/Frameworks";
				PRODUCT_BUNDLE_IDENTIFIER = com.twelfthstation.SaveDate;
				PRODUCT_NAME = "$(TARGET_NAME:c99extidentifier)";
				SKIP_INSTALL = YES;
				SWIFT_OPTIMIZATION_LEVEL = "-Onone";
				SWIFT_VERSION = 4.0;
				TARGETED_DEVICE_FAMILY = "1,2";
			};
			name = Debug;
		};
		AA1E56941F83499900B4944C /* Release */ = {
			isa = XCBuildConfiguration;
			buildSettings = {
				CLANG_ENABLE_MODULES = YES;
				CODE_SIGN_IDENTITY = "";
				CODE_SIGN_STYLE = Automatic;
				DEFINES_MODULE = YES;
				DYLIB_COMPATIBILITY_VERSION = 1;
				DYLIB_CURRENT_VERSION = 1;
				DYLIB_INSTALL_NAME_BASE = "@rpath";
				INFOPLIST_FILE = "SaveDate/Support Files/Info.plist";
				INSTALL_PATH = "$(LOCAL_LIBRARY_DIR)/Frameworks";
				LD_RUNPATH_SEARCH_PATHS = "$(inherited) @executable_path/Frameworks @loader_path/Frameworks";
				PRODUCT_BUNDLE_IDENTIFIER = com.twelfthstation.SaveDate;
				PRODUCT_NAME = "$(TARGET_NAME:c99extidentifier)";
				SKIP_INSTALL = YES;
				SWIFT_VERSION = 4.0;
				TARGETED_DEVICE_FAMILY = "1,2";
			};
			name = Release;
		};
		AA1E56961F83499900B4944C /* Debug */ = {
			isa = XCBuildConfiguration;
			buildSettings = {
				ALWAYS_EMBED_SWIFT_STANDARD_LIBRARIES = YES;
				CODE_SIGN_STYLE = Automatic;
				INFOPLIST_FILE = SaveDateTests/Info.plist;
				LD_RUNPATH_SEARCH_PATHS = "$(inherited) @executable_path/Frameworks @loader_path/Frameworks";
				PRODUCT_BUNDLE_IDENTIFIER = com.twelfthstation.SaveDateTests;
				PRODUCT_NAME = "$(TARGET_NAME)";
				SWIFT_VERSION = 4.0;
				TARGETED_DEVICE_FAMILY = "1,2";
			};
			name = Debug;
		};
		AA1E56971F83499900B4944C /* Release */ = {
			isa = XCBuildConfiguration;
			buildSettings = {
				ALWAYS_EMBED_SWIFT_STANDARD_LIBRARIES = YES;
				CODE_SIGN_STYLE = Automatic;
				INFOPLIST_FILE = SaveDateTests/Info.plist;
				LD_RUNPATH_SEARCH_PATHS = "$(inherited) @executable_path/Frameworks @loader_path/Frameworks";
				PRODUCT_BUNDLE_IDENTIFIER = com.twelfthstation.SaveDateTests;
				PRODUCT_NAME = "$(TARGET_NAME)";
				SWIFT_VERSION = 4.0;
				TARGETED_DEVICE_FAMILY = "1,2";
			};
			name = Release;
		};
		AA550F771F99D3E300BC9A68 /* Debug */ = {
			isa = XCBuildConfiguration;
			buildSettings = {
				ASSETCATALOG_COMPILER_APPICON_NAME = AppIcon;
				CODE_SIGN_STYLE = Automatic;
				INFOPLIST_FILE = Example/Info.plist;
				LD_RUNPATH_SEARCH_PATHS = "$(inherited) @executable_path/Frameworks";
				PRODUCT_BUNDLE_IDENTIFIER = com.twelfthstation.Example;
				PRODUCT_NAME = "$(TARGET_NAME)";
				SWIFT_VERSION = 4.0;
				TARGETED_DEVICE_FAMILY = "1,2";
			};
			name = Debug;
		};
		AA550F781F99D3E300BC9A68 /* Release */ = {
			isa = XCBuildConfiguration;
			buildSettings = {
				ASSETCATALOG_COMPILER_APPICON_NAME = AppIcon;
				CODE_SIGN_STYLE = Automatic;
				INFOPLIST_FILE = Example/Info.plist;
				LD_RUNPATH_SEARCH_PATHS = "$(inherited) @executable_path/Frameworks";
				PRODUCT_BUNDLE_IDENTIFIER = com.twelfthstation.Example;
				PRODUCT_NAME = "$(TARGET_NAME)";
				SWIFT_VERSION = 4.0;
				TARGETED_DEVICE_FAMILY = "1,2";
			};
			name = Release;
		};
/* End XCBuildConfiguration section */

/* Begin XCConfigurationList section */
		AA1E56781F83499900B4944C /* Build configuration list for PBXProject "SaveDate" */ = {
			isa = XCConfigurationList;
			buildConfigurations = (
				AA1E56901F83499900B4944C /* Debug */,
				AA1E56911F83499900B4944C /* Release */,
			);
			defaultConfigurationIsVisible = 0;
			defaultConfigurationName = Release;
		};
		AA1E56921F83499900B4944C /* Build configuration list for PBXNativeTarget "SaveDate" */ = {
			isa = XCConfigurationList;
			buildConfigurations = (
				AA1E56931F83499900B4944C /* Debug */,
				AA1E56941F83499900B4944C /* Release */,
			);
			defaultConfigurationIsVisible = 0;
			defaultConfigurationName = Release;
		};
		AA1E56951F83499900B4944C /* Build configuration list for PBXNativeTarget "SaveDateTests" */ = {
			isa = XCConfigurationList;
			buildConfigurations = (
				AA1E56961F83499900B4944C /* Debug */,
				AA1E56971F83499900B4944C /* Release */,
			);
			defaultConfigurationIsVisible = 0;
			defaultConfigurationName = Release;
		};
		AA550F791F99D3E300BC9A68 /* Build configuration list for PBXNativeTarget "Example" */ = {
			isa = XCConfigurationList;
			buildConfigurations = (
				AA550F771F99D3E300BC9A68 /* Debug */,
				AA550F781F99D3E300BC9A68 /* Release */,
			);
			defaultConfigurationIsVisible = 0;
			defaultConfigurationName = Release;
		};
/* End XCConfigurationList section */
	};
	rootObject = AA1E56751F83499900B4944C /* Project object */;
}
